// !$*UTF8*$!
{
	archiveVersion = 1;
	classes = {
	};
	objectVersion = 56;
	objects = {

/* Begin PBXBuildFile section */
		F76CBBC52C2B46C700D6FB32 /* ServerDrivenSwiftUIApp.swift in Sources */ = {isa = PBXBuildFile; fileRef = F76CBBC42C2B46C700D6FB32 /* ServerDrivenSwiftUIApp.swift */; };
		F76CBBC92C2B46C900D6FB32 /* Assets.xcassets in Resources */ = {isa = PBXBuildFile; fileRef = F76CBBC82C2B46C900D6FB32 /* Assets.xcassets */; };
		F76CBBCC2C2B46C900D6FB32 /* Preview Assets.xcassets in Resources */ = {isa = PBXBuildFile; fileRef = F76CBBCB2C2B46C900D6FB32 /* Preview Assets.xcassets */; };
		F76CBBD42C2B506300D6FB32 /* WebService.swift in Sources */ = {isa = PBXBuildFile; fileRef = F76CBBD32C2B506300D6FB32 /* WebService.swift */; };
		F76CBBD72C2B50A900D6FB32 /* Constants.swift in Sources */ = {isa = PBXBuildFile; fileRef = F76CBBD62C2B50A900D6FB32 /* Constants.swift */; };
		F76CBBDA2C2B7C8C00D6FB32 /* ScreenModel.swift in Sources */ = {isa = PBXBuildFile; fileRef = F76CBBD92C2B7C8C00D6FB32 /* ScreenModel.swift */; };
		F76CBBDD2C2B7E5200D6FB32 /* UIComponent.swift in Sources */ = {isa = PBXBuildFile; fileRef = F76CBBDC2C2B7E5200D6FB32 /* UIComponent.swift */; };
		F76CBBDF2C2B7EA800D6FB32 /* FeatureImageComponent.swift in Sources */ = {isa = PBXBuildFile; fileRef = F76CBBDE2C2B7EA800D6FB32 /* FeatureImageComponent.swift */; };
		F76CBBE12C2B7F6100D6FB32 /* FeaturedImageUIModel.swift in Sources */ = {isa = PBXBuildFile; fileRef = F76CBBE02C2B7F6100D6FB32 /* FeaturedImageUIModel.swift */; };
		F76CBBE42C2B802900D6FB32 /* View+Ext.swift in Sources */ = {isa = PBXBuildFile; fileRef = F76CBBE32C2B802900D6FB32 /* View+Ext.swift */; };
		F76CBBE72C2B813100D6FB32 /* PetListViewModel.swift in Sources */ = {isa = PBXBuildFile; fileRef = F76CBBE62C2B813100D6FB32 /* PetListViewModel.swift */; };
		F76CBBE92C2B827600D6FB32 /* Dictionary+Ext.swift in Sources */ = {isa = PBXBuildFile; fileRef = F76CBBE82C2B827600D6FB32 /* Dictionary+Ext.swift */; };
		F76CBBED2C2B861700D6FB32 /* PetView.swift in Sources */ = {isa = PBXBuildFile; fileRef = F76CBBEC2C2B861700D6FB32 /* PetView.swift */; };
		F7A1F8BC2C39EDC200CB13F4 /* JSON.swift in Sources */ = {isa = PBXBuildFile; fileRef = F7A1F8BB2C39EDC200CB13F4 /* JSON.swift */; };
		F7A1F8BE2C39F10B00CB13F4 /* CarouselUIModel.swift in Sources */ = {isa = PBXBuildFile; fileRef = F7A1F8BD2C39F10B00CB13F4 /* CarouselUIModel.swift */; };
		F7A1F8C02C39F14400CB13F4 /* CarouselComponent.swift in Sources */ = {isa = PBXBuildFile; fileRef = F7A1F8BF2C39F14400CB13F4 /* CarouselComponent.swift */; };
		F7A1F8C32C39F28B00CB13F4 /* CarouselView.swift in Sources */ = {isa = PBXBuildFile; fileRef = F7A1F8C22C39F28B00CB13F4 /* CarouselView.swift */; };
		F7BD40032C2D0049006A01C2 /* pet-listing.json in Resources */ = {isa = PBXBuildFile; fileRef = F7BD40022C2D0049006A01C2 /* pet-listing.json */; };
		F7BD40052C2D01A3006A01C2 /* LocalService.swift in Sources */ = {isa = PBXBuildFile; fileRef = F7BD40042C2D01A3006A01C2 /* LocalService.swift */; };
		F7BD40072C2D01D6006A01C2 /* NetworkService.swift in Sources */ = {isa = PBXBuildFile; fileRef = F7BD40062C2D01D6006A01C2 /* NetworkService.swift */; };
/* End PBXBuildFile section */

/* Begin PBXFileReference section */
		F76CBBC12C2B46C700D6FB32 /* ServerDrivenSwiftUI.app */ = {isa = PBXFileReference; explicitFileType = wrapper.application; includeInIndex = 0; path = ServerDrivenSwiftUI.app; sourceTree = BUILT_PRODUCTS_DIR; };
		F76CBBC42C2B46C700D6FB32 /* ServerDrivenSwiftUIApp.swift */ = {isa = PBXFileReference; lastKnownFileType = sourcecode.swift; path = ServerDrivenSwiftUIApp.swift; sourceTree = "<group>"; };
		F76CBBC82C2B46C900D6FB32 /* Assets.xcassets */ = {isa = PBXFileReference; lastKnownFileType = folder.assetcatalog; path = Assets.xcassets; sourceTree = "<group>"; };
		F76CBBCB2C2B46C900D6FB32 /* Preview Assets.xcassets */ = {isa = PBXFileReference; lastKnownFileType = folder.assetcatalog; path = "Preview Assets.xcassets"; sourceTree = "<group>"; };
		F76CBBD32C2B506300D6FB32 /* WebService.swift */ = {isa = PBXFileReference; lastKnownFileType = sourcecode.swift; path = WebService.swift; sourceTree = "<group>"; };
		F76CBBD62C2B50A900D6FB32 /* Constants.swift */ = {isa = PBXFileReference; lastKnownFileType = sourcecode.swift; path = Constants.swift; sourceTree = "<group>"; };
		F76CBBD92C2B7C8C00D6FB32 /* ScreenModel.swift */ = {isa = PBXFileReference; lastKnownFileType = sourcecode.swift; path = ScreenModel.swift; sourceTree = "<group>"; };
		F76CBBDC2C2B7E5200D6FB32 /* UIComponent.swift */ = {isa = PBXFileReference; lastKnownFileType = sourcecode.swift; path = UIComponent.swift; sourceTree = "<group>"; };
		F76CBBDE2C2B7EA800D6FB32 /* FeatureImageComponent.swift */ = {isa = PBXFileReference; lastKnownFileType = sourcecode.swift; path = FeatureImageComponent.swift; sourceTree = "<group>"; };
		F76CBBE02C2B7F6100D6FB32 /* FeaturedImageUIModel.swift */ = {isa = PBXFileReference; lastKnownFileType = sourcecode.swift; path = FeaturedImageUIModel.swift; sourceTree = "<group>"; };
		F76CBBE32C2B802900D6FB32 /* View+Ext.swift */ = {isa = PBXFileReference; lastKnownFileType = sourcecode.swift; path = "View+Ext.swift"; sourceTree = "<group>"; };
		F76CBBE62C2B813100D6FB32 /* PetListViewModel.swift */ = {isa = PBXFileReference; lastKnownFileType = sourcecode.swift; path = PetListViewModel.swift; sourceTree = "<group>"; };
		F76CBBE82C2B827600D6FB32 /* Dictionary+Ext.swift */ = {isa = PBXFileReference; lastKnownFileType = sourcecode.swift; path = "Dictionary+Ext.swift"; sourceTree = "<group>"; };
		F76CBBEC2C2B861700D6FB32 /* PetView.swift */ = {isa = PBXFileReference; lastKnownFileType = sourcecode.swift; path = PetView.swift; sourceTree = "<group>"; };
		F7A1F8BB2C39EDC200CB13F4 /* JSON.swift */ = {isa = PBXFileReference; lastKnownFileType = sourcecode.swift; path = JSON.swift; sourceTree = "<group>"; };
		F7A1F8BD2C39F10B00CB13F4 /* CarouselUIModel.swift */ = {isa = PBXFileReference; lastKnownFileType = sourcecode.swift; path = CarouselUIModel.swift; sourceTree = "<group>"; };
		F7A1F8BF2C39F14400CB13F4 /* CarouselComponent.swift */ = {isa = PBXFileReference; lastKnownFileType = sourcecode.swift; path = CarouselComponent.swift; sourceTree = "<group>"; };
		F7A1F8C22C39F28B00CB13F4 /* CarouselView.swift */ = {isa = PBXFileReference; lastKnownFileType = sourcecode.swift; path = CarouselView.swift; sourceTree = "<group>"; };
		F7BD40022C2D0049006A01C2 /* pet-listing.json */ = {isa = PBXFileReference; lastKnownFileType = text.json; path = "pet-listing.json"; sourceTree = "<group>"; };
		F7BD40042C2D01A3006A01C2 /* LocalService.swift */ = {isa = PBXFileReference; lastKnownFileType = sourcecode.swift; path = LocalService.swift; sourceTree = "<group>"; };
		F7BD40062C2D01D6006A01C2 /* NetworkService.swift */ = {isa = PBXFileReference; lastKnownFileType = sourcecode.swift; path = NetworkService.swift; sourceTree = "<group>"; };
/* End PBXFileReference section */

/* Begin PBXFrameworksBuildPhase section */
		F76CBBBE2C2B46C700D6FB32 /* Frameworks */ = {
			isa = PBXFrameworksBuildPhase;
			buildActionMask = 2147483647;
			files = (
			);
			runOnlyForDeploymentPostprocessing = 0;
		};
/* End PBXFrameworksBuildPhase section */

/* Begin PBXGroup section */
		F76CBBB82C2B46C700D6FB32 = {
			isa = PBXGroup;
			children = (
				F76CBBC32C2B46C700D6FB32 /* ServerDrivenSwiftUI */,
				F76CBBC22C2B46C700D6FB32 /* Products */,
			);
			sourceTree = "<group>";
		};
		F76CBBC22C2B46C700D6FB32 /* Products */ = {
			isa = PBXGroup;
			children = (
				F76CBBC12C2B46C700D6FB32 /* ServerDrivenSwiftUI.app */,
			);
			name = Products;
			sourceTree = "<group>";
		};
		F76CBBC32C2B46C700D6FB32 /* ServerDrivenSwiftUI */ = {
			isa = PBXGroup;
			children = (
				F76CBBE52C2B811000D6FB32 /* View Models */,
				F76CBBE22C2B801000D6FB32 /* Extensions */,
				F76CBBDB2C2B7E3B00D6FB32 /* Components */,
				F76CBBD82C2B7C7500D6FB32 /* UIModels */,
				F7F49AE12C2DD9DF001BDA51 /* Models */,
				F76CBBD22C2B505000D6FB32 /* Services */,
				F76CBBD52C2B509800D6FB32 /* Utils */,
				F76CBBC82C2B46C900D6FB32 /* Assets.xcassets */,
				F76CBBCA2C2B46C900D6FB32 /* Preview Content */,
				F7A1F8C12C39F27500CB13F4 /* Views */,
				F76CBBC42C2B46C700D6FB32 /* ServerDrivenSwiftUIApp.swift */,
			);
			path = ServerDrivenSwiftUI;
			sourceTree = "<group>";
		};
		F76CBBCA2C2B46C900D6FB32 /* Preview Content */ = {
			isa = PBXGroup;
			children = (
				F76CBBCB2C2B46C900D6FB32 /* Preview Assets.xcassets */,
			);
			path = "Preview Content";
			sourceTree = "<group>";
		};
		F76CBBD22C2B505000D6FB32 /* Services */ = {
			isa = PBXGroup;
			children = (
				F76CBBD32C2B506300D6FB32 /* WebService.swift */,
				F7BD40042C2D01A3006A01C2 /* LocalService.swift */,
				F7BD40062C2D01D6006A01C2 /* NetworkService.swift */,
			);
			path = Services;
			sourceTree = "<group>";
		};
		F76CBBD52C2B509800D6FB32 /* Utils */ = {
			isa = PBXGroup;
			children = (
				F76CBBD62C2B50A900D6FB32 /* Constants.swift */,
			);
			path = Utils;
			sourceTree = "<group>";
		};
		F76CBBD82C2B7C7500D6FB32 /* UIModels */ = {
			isa = PBXGroup;
			children = (
				F76CBBD92C2B7C8C00D6FB32 /* ScreenModel.swift */,
				F76CBBE02C2B7F6100D6FB32 /* FeaturedImageUIModel.swift */,
				F7A1F8BB2C39EDC200CB13F4 /* JSON.swift */,
				F7A1F8BD2C39F10B00CB13F4 /* CarouselUIModel.swift */,
			);
			path = UIModels;
			sourceTree = "<group>";
		};
		F76CBBDB2C2B7E3B00D6FB32 /* Components */ = {
			isa = PBXGroup;
			children = (
				F76CBBDC2C2B7E5200D6FB32 /* UIComponent.swift */,
				F76CBBDE2C2B7EA800D6FB32 /* FeatureImageComponent.swift */,
				F7A1F8BF2C39F14400CB13F4 /* CarouselComponent.swift */,
			);
			path = Components;
			sourceTree = "<group>";
		};
		F76CBBE22C2B801000D6FB32 /* Extensions */ = {
			isa = PBXGroup;
			children = (
				F76CBBE32C2B802900D6FB32 /* View+Ext.swift */,
				F76CBBE82C2B827600D6FB32 /* Dictionary+Ext.swift */,
			);
			path = Extensions;
			sourceTree = "<group>";
		};
		F76CBBE52C2B811000D6FB32 /* View Models */ = {
			isa = PBXGroup;
			children = (
				F76CBBE62C2B813100D6FB32 /* PetListViewModel.swift */,
			);
			path = "View Models";
			sourceTree = "<group>";
		};
		F7A1F8C12C39F27500CB13F4 /* Views */ = {
			isa = PBXGroup;
			children = (
				F76CBBEC2C2B861700D6FB32 /* PetView.swift */,
				F7A1F8C22C39F28B00CB13F4 /* CarouselView.swift */,
			);
			path = Views;
			sourceTree = "<group>";
		};
		F7F49AE12C2DD9DF001BDA51 /* Models */ = {
			isa = PBXGroup;
			children = (
				F7BD40022C2D0049006A01C2 /* pet-listing.json */,
			);
			path = Models;
			sourceTree = "<group>";
		};
/* End PBXGroup section */

/* Begin PBXNativeTarget section */
		F76CBBC02C2B46C700D6FB32 /* ServerDrivenSwiftUI */ = {
			isa = PBXNativeTarget;
			buildConfigurationList = F76CBBCF2C2B46C900D6FB32 /* Build configuration list for PBXNativeTarget "ServerDrivenSwiftUI" */;
			buildPhases = (
				F76CBBBD2C2B46C700D6FB32 /* Sources */,
				F76CBBBE2C2B46C700D6FB32 /* Frameworks */,
				F76CBBBF2C2B46C700D6FB32 /* Resources */,
			);
			buildRules = (
			);
			dependencies = (
			);
			name = ServerDrivenSwiftUI;
			productName = ServerDrivenSwiftUI;
			productReference = F76CBBC12C2B46C700D6FB32 /* ServerDrivenSwiftUI.app */;
			productType = "com.apple.product-type.application";
		};
/* End PBXNativeTarget section */

/* Begin PBXProject section */
		F76CBBB92C2B46C700D6FB32 /* Project object */ = {
			isa = PBXProject;
			attributes = {
				BuildIndependentTargetsInParallel = 1;
				LastSwiftUpdateCheck = 1540;
				LastUpgradeCheck = 1540;
				TargetAttributes = {
					F76CBBC02C2B46C700D6FB32 = {
						CreatedOnToolsVersion = 15.4;
					};
				};
			};
			buildConfigurationList = F76CBBBC2C2B46C700D6FB32 /* Build configuration list for PBXProject "ServerDrivenSwiftUI" */;
			compatibilityVersion = "Xcode 14.0";
			developmentRegion = en;
			hasScannedForEncodings = 0;
			knownRegions = (
				en,
				Base,
			);
			mainGroup = F76CBBB82C2B46C700D6FB32;
			productRefGroup = F76CBBC22C2B46C700D6FB32 /* Products */;
			projectDirPath = "";
			projectRoot = "";
			targets = (
				F76CBBC02C2B46C700D6FB32 /* ServerDrivenSwiftUI */,
			);
		};
/* End PBXProject section */

/* Begin PBXResourcesBuildPhase section */
		F76CBBBF2C2B46C700D6FB32 /* Resources */ = {
			isa = PBXResourcesBuildPhase;
			buildActionMask = 2147483647;
			files = (
				F76CBBCC2C2B46C900D6FB32 /* Preview Assets.xcassets in Resources */,
				F7BD40032C2D0049006A01C2 /* pet-listing.json in Resources */,
				F76CBBC92C2B46C900D6FB32 /* Assets.xcassets in Resources */,
			);
			runOnlyForDeploymentPostprocessing = 0;
		};
/* End PBXResourcesBuildPhase section */

/* Begin PBXSourcesBuildPhase section */
		F76CBBBD2C2B46C700D6FB32 /* Sources */ = {
			isa = PBXSourcesBuildPhase;
			buildActionMask = 2147483647;
			files = (
				F76CBBE92C2B827600D6FB32 /* Dictionary+Ext.swift in Sources */,
				F7A1F8BC2C39EDC200CB13F4 /* JSON.swift in Sources */,
				F76CBBDF2C2B7EA800D6FB32 /* FeatureImageComponent.swift in Sources */,
				F7A1F8C02C39F14400CB13F4 /* CarouselComponent.swift in Sources */,
				F76CBBD42C2B506300D6FB32 /* WebService.swift in Sources */,
				F76CBBE42C2B802900D6FB32 /* View+Ext.swift in Sources */,
				F76CBBED2C2B861700D6FB32 /* PetView.swift in Sources */,
				F7A1F8C32C39F28B00CB13F4 /* CarouselView.swift in Sources */,
				F7BD40052C2D01A3006A01C2 /* LocalService.swift in Sources */,
				F76CBBDD2C2B7E5200D6FB32 /* UIComponent.swift in Sources */,
				F76CBBE72C2B813100D6FB32 /* PetListViewModel.swift in Sources */,
				F7A1F8BE2C39F10B00CB13F4 /* CarouselUIModel.swift in Sources */,
				F76CBBDA2C2B7C8C00D6FB32 /* ScreenModel.swift in Sources */,
				F76CBBC52C2B46C700D6FB32 /* ServerDrivenSwiftUIApp.swift in Sources */,
				F76CBBD72C2B50A900D6FB32 /* Constants.swift in Sources */,
				F7BD40072C2D01D6006A01C2 /* NetworkService.swift in Sources */,
				F76CBBE12C2B7F6100D6FB32 /* FeaturedImageUIModel.swift in Sources */,
			);
			runOnlyForDeploymentPostprocessing = 0;
		};
/* End PBXSourcesBuildPhase section */

/* Begin XCBuildConfiguration section */
		F76CBBCD2C2B46C900D6FB32 /* Debug */ = {
			isa = XCBuildConfiguration;
			buildSettings = {
				ALWAYS_SEARCH_USER_PATHS = NO;
				ASSETCATALOG_COMPILER_GENERATE_SWIFT_ASSET_SYMBOL_EXTENSIONS = YES;
				CLANG_ANALYZER_NONNULL = YES;
				CLANG_ANALYZER_NUMBER_OBJECT_CONVERSION = YES_AGGRESSIVE;
				CLANG_CXX_LANGUAGE_STANDARD = "gnu++20";
				CLANG_ENABLE_MODULES = YES;
				CLANG_ENABLE_OBJC_ARC = YES;
				CLANG_ENABLE_OBJC_WEAK = YES;
				CLANG_WARN_BLOCK_CAPTURE_AUTORELEASING = YES;
				CLANG_WARN_BOOL_CONVERSION = YES;
				CLANG_WARN_COMMA = YES;
				CLANG_WARN_CONSTANT_CONVERSION = YES;
				CLANG_WARN_DEPRECATED_OBJC_IMPLEMENTATIONS = YES;
				CLANG_WARN_DIRECT_OBJC_ISA_USAGE = YES_ERROR;
				CLANG_WARN_DOCUMENTATION_COMMENTS = YES;
				CLANG_WARN_EMPTY_BODY = YES;
				CLANG_WARN_ENUM_CONVERSION = YES;
				CLANG_WARN_INFINITE_RECURSION = YES;
				CLANG_WARN_INT_CONVERSION = YES;
				CLANG_WARN_NON_LITERAL_NULL_CONVERSION = YES;
				CLANG_WARN_OBJC_IMPLICIT_RETAIN_SELF = YES;
				CLANG_WARN_OBJC_LITERAL_CONVERSION = YES;
				CLANG_WARN_OBJC_ROOT_CLASS = YES_ERROR;
				CLANG_WARN_QUOTED_INCLUDE_IN_FRAMEWORK_HEADER = YES;
				CLANG_WARN_RANGE_LOOP_ANALYSIS = YES;
				CLANG_WARN_STRICT_PROTOTYPES = YES;
				CLANG_WARN_SUSPICIOUS_MOVE = YES;
				CLANG_WARN_UNGUARDED_AVAILABILITY = YES_AGGRESSIVE;
				CLANG_WARN_UNREACHABLE_CODE = YES;
				CLANG_WARN__DUPLICATE_METHOD_MATCH = YES;
				COPY_PHASE_STRIP = NO;
				DEBUG_INFORMATION_FORMAT = dwarf;
				ENABLE_STRICT_OBJC_MSGSEND = YES;
				ENABLE_TESTABILITY = YES;
				ENABLE_USER_SCRIPT_SANDBOXING = YES;
				GCC_C_LANGUAGE_STANDARD = gnu17;
				GCC_DYNAMIC_NO_PIC = NO;
				GCC_NO_COMMON_BLOCKS = YES;
				GCC_OPTIMIZATION_LEVEL = 0;
				GCC_PREPROCESSOR_DEFINITIONS = (
					"DEBUG=1",
					"$(inherited)",
				);
				GCC_WARN_64_TO_32_BIT_CONVERSION = YES;
				GCC_WARN_ABOUT_RETURN_TYPE = YES_ERROR;
				GCC_WARN_UNDECLARED_SELECTOR = YES;
				GCC_WARN_UNINITIALIZED_AUTOS = YES_AGGRESSIVE;
				GCC_WARN_UNUSED_FUNCTION = YES;
				GCC_WARN_UNUSED_VARIABLE = YES;
				IPHONEOS_DEPLOYMENT_TARGET = 17.5;
				LOCALIZATION_PREFERS_STRING_CATALOGS = YES;
				MTL_ENABLE_DEBUG_INFO = INCLUDE_SOURCE;
				MTL_FAST_MATH = YES;
				ONLY_ACTIVE_ARCH = YES;
				SDKROOT = iphoneos;
				SWIFT_ACTIVE_COMPILATION_CONDITIONS = "DEBUG $(inherited)";
				SWIFT_OPTIMIZATION_LEVEL = "-Onone";
			};
			name = Debug;
		};
		F76CBBCE2C2B46C900D6FB32 /* Release */ = {
			isa = XCBuildConfiguration;
			buildSettings = {
				ALWAYS_SEARCH_USER_PATHS = NO;
				ASSETCATALOG_COMPILER_GENERATE_SWIFT_ASSET_SYMBOL_EXTENSIONS = YES;
				CLANG_ANALYZER_NONNULL = YES;
				CLANG_ANALYZER_NUMBER_OBJECT_CONVERSION = YES_AGGRESSIVE;
				CLANG_CXX_LANGUAGE_STANDARD = "gnu++20";
				CLANG_ENABLE_MODULES = YES;
				CLANG_ENABLE_OBJC_ARC = YES;
				CLANG_ENABLE_OBJC_WEAK = YES;
				CLANG_WARN_BLOCK_CAPTURE_AUTORELEASING = YES;
				CLANG_WARN_BOOL_CONVERSION = YES;
				CLANG_WARN_COMMA = YES;
				CLANG_WARN_CONSTANT_CONVERSION = YES;
				CLANG_WARN_DEPRECATED_OBJC_IMPLEMENTATIONS = YES;
				CLANG_WARN_DIRECT_OBJC_ISA_USAGE = YES_ERROR;
				CLANG_WARN_DOCUMENTATION_COMMENTS = YES;
				CLANG_WARN_EMPTY_BODY = YES;
				CLANG_WARN_ENUM_CONVERSION = YES;
				CLANG_WARN_INFINITE_RECURSION = YES;
				CLANG_WARN_INT_CONVERSION = YES;
				CLANG_WARN_NON_LITERAL_NULL_CONVERSION = YES;
				CLANG_WARN_OBJC_IMPLICIT_RETAIN_SELF = YES;
				CLANG_WARN_OBJC_LITERAL_CONVERSION = YES;
				CLANG_WARN_OBJC_ROOT_CLASS = YES_ERROR;
				CLANG_WARN_QUOTED_INCLUDE_IN_FRAMEWORK_HEADER = YES;
				CLANG_WARN_RANGE_LOOP_ANALYSIS = YES;
				CLANG_WARN_STRICT_PROTOTYPES = YES;
				CLANG_WARN_SUSPICIOUS_MOVE = YES;
				CLANG_WARN_UNGUARDED_AVAILABILITY = YES_AGGRESSIVE;
				CLANG_WARN_UNREACHABLE_CODE = YES;
				CLANG_WARN__DUPLICATE_METHOD_MATCH = YES;
				COPY_PHASE_STRIP = NO;
				DEBUG_INFORMATION_FORMAT = "dwarf-with-dsym";
				ENABLE_NS_ASSERTIONS = NO;
				ENABLE_STRICT_OBJC_MSGSEND = YES;
				ENABLE_USER_SCRIPT_SANDBOXING = YES;
				GCC_C_LANGUAGE_STANDARD = gnu17;
				GCC_NO_COMMON_BLOCKS = YES;
				GCC_WARN_64_TO_32_BIT_CONVERSION = YES;
				GCC_WARN_ABOUT_RETURN_TYPE = YES_ERROR;
				GCC_WARN_UNDECLARED_SELECTOR = YES;
				GCC_WARN_UNINITIALIZED_AUTOS = YES_AGGRESSIVE;
				GCC_WARN_UNUSED_FUNCTION = YES;
				GCC_WARN_UNUSED_VARIABLE = YES;
				IPHONEOS_DEPLOYMENT_TARGET = 17.5;
				LOCALIZATION_PREFERS_STRING_CATALOGS = YES;
				MTL_ENABLE_DEBUG_INFO = NO;
				MTL_FAST_MATH = YES;
				SDKROOT = iphoneos;
				SWIFT_COMPILATION_MODE = wholemodule;
				VALIDATE_PRODUCT = YES;
			};
			name = Release;
		};
		F76CBBD02C2B46C900D6FB32 /* Debug */ = {
			isa = XCBuildConfiguration;
			buildSettings = {
				ASSETCATALOG_COMPILER_APPICON_NAME = AppIcon;
				ASSETCATALOG_COMPILER_GLOBAL_ACCENT_COLOR_NAME = AccentColor;
				CODE_SIGN_STYLE = Automatic;
				CURRENT_PROJECT_VERSION = 1;
				DEVELOPMENT_ASSET_PATHS = "\"ServerDrivenSwiftUI/Preview Content\"";
				DEVELOPMENT_TEAM = 6D9CKTK39V;
				ENABLE_PREVIEWS = YES;
				GENERATE_INFOPLIST_FILE = YES;
				INFOPLIST_KEY_UIApplicationSceneManifest_Generation = YES;
				INFOPLIST_KEY_UIApplicationSupportsIndirectInputEvents = YES;
				INFOPLIST_KEY_UILaunchScreen_Generation = YES;
				INFOPLIST_KEY_UISupportedInterfaceOrientations_iPad = "UIInterfaceOrientationPortrait UIInterfaceOrientationPortraitUpsideDown UIInterfaceOrientationLandscapeLeft UIInterfaceOrientationLandscapeRight";
				INFOPLIST_KEY_UISupportedInterfaceOrientations_iPhone = "UIInterfaceOrientationPortrait UIInterfaceOrientationLandscapeLeft UIInterfaceOrientationLandscapeRight";
				LD_RUNPATH_SEARCH_PATHS = (
					"$(inherited)",
					"@executable_path/Frameworks",
				);
				MARKETING_VERSION = 1.0;
				PRODUCT_BUNDLE_IDENTIFIER = trvl.ServerDrivenSwiftUI;
				PRODUCT_NAME = "$(TARGET_NAME)";
				SWIFT_EMIT_LOC_STRINGS = YES;
				SWIFT_VERSION = 5.0;
				TARGETED_DEVICE_FAMILY = "1,2";
			};
			name = Debug;
		};
		F76CBBD12C2B46C900D6FB32 /* Release */ = {
			isa = XCBuildConfiguration;
			buildSettings = {
				ASSETCATALOG_COMPILER_APPICON_NAME = AppIcon;
				ASSETCATALOG_COMPILER_GLOBAL_ACCENT_COLOR_NAME = AccentColor;
				CODE_SIGN_STYLE = Automatic;
				CURRENT_PROJECT_VERSION = 1;
				DEVELOPMENT_ASSET_PATHS = "\"ServerDrivenSwiftUI/Preview Content\"";
				DEVELOPMENT_TEAM = 6D9CKTK39V;
				ENABLE_PREVIEWS = YES;
				GENERATE_INFOPLIST_FILE = YES;
				INFOPLIST_KEY_UIApplicationSceneManifest_Generation = YES;
				INFOPLIST_KEY_UIApplicationSupportsIndirectInputEvents = YES;
				INFOPLIST_KEY_UILaunchScreen_Generation = YES;
				INFOPLIST_KEY_UISupportedInterfaceOrientations_iPad = "UIInterfaceOrientationPortrait UIInterfaceOrientationPortraitUpsideDown UIInterfaceOrientationLandscapeLeft UIInterfaceOrientationLandscapeRight";
				INFOPLIST_KEY_UISupportedInterfaceOrientations_iPhone = "UIInterfaceOrientationPortrait UIInterfaceOrientationLandscapeLeft UIInterfaceOrientationLandscapeRight";
				LD_RUNPATH_SEARCH_PATHS = (
					"$(inherited)",
					"@executable_path/Frameworks",
				);
				MARKETING_VERSION = 1.0;
				PRODUCT_BUNDLE_IDENTIFIER = trvl.ServerDrivenSwiftUI;
				PRODUCT_NAME = "$(TARGET_NAME)";
				SWIFT_EMIT_LOC_STRINGS = YES;
				SWIFT_VERSION = 5.0;
				TARGETED_DEVICE_FAMILY = "1,2";
			};
			name = Release;
		};
/* End XCBuildConfiguration section */

/* Begin XCConfigurationList section */
		F76CBBBC2C2B46C700D6FB32 /* Build configuration list for PBXProject "ServerDrivenSwiftUI" */ = {
			isa = XCConfigurationList;
			buildConfigurations = (
				F76CBBCD2C2B46C900D6FB32 /* Debug */,
				F76CBBCE2C2B46C900D6FB32 /* Release */,
			);
			defaultConfigurationIsVisible = 0;
			defaultConfigurationName = Release;
		};
		F76CBBCF2C2B46C900D6FB32 /* Build configuration list for PBXNativeTarget "ServerDrivenSwiftUI" */ = {
			isa = XCConfigurationList;
			buildConfigurations = (
				F76CBBD02C2B46C900D6FB32 /* Debug */,
				F76CBBD12C2B46C900D6FB32 /* Release */,
			);
			defaultConfigurationIsVisible = 0;
			defaultConfigurationName = Release;
		};
/* End XCConfigurationList section */
	};
	rootObject = F76CBBB92C2B46C700D6FB32 /* Project object */;
}
